
Microsoft Visual Studio Solution File, Format Version 12.00
# Visual Studio 15
VisualStudioVersion = 15.0.28307.705
MinimumVisualStudioVersion = 10.0.40219.1
Project("{FAE04EC0-301F-11D3-BF4B-00C04F79EFBC}") = "WebAPITest", "WebAPITest\WebAPITest.csproj", "{78DBF154-2BD7-4483-B839-A1AC2FCA2D60}"
EndProject
Global
	GlobalSection(SolutionConfigurationPlatforms) = preSolution
		Debug|Any CPU = Debug|Any CPU
		Release|Any CPU = Release|Any CPU
	EndGlobalSection
	GlobalSection(ProjectConfigurationPlatforms) = postSolution
		{78DBF154-2BD7-4483-B839-A1AC2FCA2D60}.Debug|Any CPU.ActiveCfg = Debug|Any CPU
		{78DBF154-2BD7-4483-B839-A1AC2FCA2D60}.Debug|Any CPU.Build.0 = Debug|Any CPU
		{78DBF154-2BD7-4483-B839-A1AC2FCA2D60}.Release|Any CPU.ActiveCfg = Release|Any CPU
		{78DBF154-2BD7-4483-B839-A1AC2FCA2D60}.Release|Any CPU.Build.0 = Release|Any CPU
	EndGlobalSection
	GlobalSection(SolutionProperties) = preSolution
		HideSolutionNode = FALSE
	EndGlobalSection
	GlobalSection(ExtensibilityGlobals) = postSolution
		SolutionGuid = {7D8CB001-A5BC-417E-A82E-435C6C9B3FD1}
	EndGlobalSection
EndGlobal
